PODS:
  - FlutterMacOS (1.0.0)
  - taskveil_app_bridge (0.0.1):
    - FlutterMacOS

DEPENDENCIES:
  - FlutterMacOS (from `Flutter/ephemeral`)
  - taskveil_app_bridge (from `Flutter/ephemeral/.symlinks/plugins/taskveil_app_bridge/macos`)

EXTERNAL SOURCES:
  FlutterMacOS:
    :path: Flutter/ephemeral
  taskveil_app_bridge:
    :path: Flutter/ephemeral/.symlinks/plugins/taskveil_app_bridge/macos

SPEC CHECKSUMS:
  FlutterMacOS: d0db08ddef1a9af05a5ec4b724367152bb0500b1
  taskveil_app_bridge: 6f6ac01823799ff8fcc93e14ad955693e576f6d9

PODFILE CHECKSUM: 54d867c82ac51cbd61b565781b9fada492027009

COCOAPODS: 1.16.2
