PODS:
  - Flutter (1.0.0)
  - taskveil_app_bridge (0.0.1):
    - Flutter

DEPENDENCIES:
  - Flutter (from `Flutter`)
  - taskveil_app_bridge (from `.symlinks/plugins/taskveil_app_bridge/ios`)

EXTERNAL SOURCES:
  Flutter:
    :path: Flutter
  taskveil_app_bridge:
    :path: ".symlinks/plugins/taskveil_app_bridge/ios"

SPEC CHECKSUMS:
  Flutter: cabc95a1d2626b1b06e7179b784ebcf0c0cde467
  taskveil_app_bridge: 005cd97e4d3be3aadacde19b6e0941c24eb83074

PODFILE CHECKSUM: 3c63482e143d1b91d2d2560aee9fb04ecc74ac7e

COCOAPODS: 1.16.2
